
Microsoft Visual Studio Solution File, Format Version 12.00
# Visual Studio 15
VisualStudioVersion = 15.0.27130.2010
MinimumVisualStudioVersion = 10.0.40219.1
Project("{2150E333-8FDC-42A3-9474-1A3956D46DE8}") = "1- Creational Patterns", "1- Creational Patterns", "{A76B2D77-FD2F-453D-8152-3E5EF3C4F7AF}"
EndProject
Project("{9A19103F-16F7-4668-BE54-9A1E7A4F7556}") = "GoF.AbstractFactory", "src\GoF.AbstractFactory\GoF.AbstractFactory.csproj", "{8EF8EBD6-D031-40E6-A2B0-0F078F80B925}"
EndProject
Project("{9A19103F-16F7-4668-BE54-9A1E7A4F7556}") = "GoF.Factory", "src\GoF.Factory\GoF.Factory.csproj", "{72FBFC13-3C61-4679-B6D8-DFAFAE991C18}"
EndProject
Project("{2150E333-8FDC-42A3-9474-1A3956D46DE8}") = "2- Structural Patterns", "2- Structural Patterns", "{31CE3B7F-F429-40DA-8BDF-882D92B4B5C1}"
EndProject
Project("{9A19103F-16F7-4668-BE54-9A1E7A4F7556}") = "GoF.Facade", "src\GoF.Facade\GoF.Facade.csproj", "{6CB937BD-E5A7-4CC7-BA9B-74850AEB8B6E}"
EndProject
Project("{2150E333-8FDC-42A3-9474-1A3956D46DE8}") = "3- Behavioral Patterns", "3- Behavioral Patterns", "{5649057E-574C-4ECE-870B-AA45F0364212}"
EndProject
Project("{FAE04EC0-301F-11D3-BF4B-00C04F79EFBC}") = "GoF.Strattegy", "src\GoF.Strattegy\GoF.Strattegy.csproj", "{0C5B2921-CD83-4828-80A0-7EFE1CFD62F1}"
EndProject
Project("{FAE04EC0-301F-11D3-BF4B-00C04F79EFBC}") = "GoF.ChainOfResponsibility", "src\GoF.ChainOfResponsibility\GoF.ChainOfResponsibility.csproj", "{75BB0871-4937-478D-A839-01A493543C2E}"
EndProject
Global
	GlobalSection(SolutionConfigurationPlatforms) = preSolution
		Debug|Any CPU = Debug|Any CPU
		Release|Any CPU = Release|Any CPU
	EndGlobalSection
	GlobalSection(ProjectConfigurationPlatforms) = postSolution
		{8EF8EBD6-D031-40E6-A2B0-0F078F80B925}.Debug|Any CPU.ActiveCfg = Debug|Any CPU
		{8EF8EBD6-D031-40E6-A2B0-0F078F80B925}.Debug|Any CPU.Build.0 = Debug|Any CPU
		{8EF8EBD6-D031-40E6-A2B0-0F078F80B925}.Release|Any CPU.ActiveCfg = Release|Any CPU
		{8EF8EBD6-D031-40E6-A2B0-0F078F80B925}.Release|Any CPU.Build.0 = Release|Any CPU
		{72FBFC13-3C61-4679-B6D8-DFAFAE991C18}.Debug|Any CPU.ActiveCfg = Debug|Any CPU
		{72FBFC13-3C61-4679-B6D8-DFAFAE991C18}.Debug|Any CPU.Build.0 = Debug|Any CPU
		{72FBFC13-3C61-4679-B6D8-DFAFAE991C18}.Release|Any CPU.ActiveCfg = Release|Any CPU
		{72FBFC13-3C61-4679-B6D8-DFAFAE991C18}.Release|Any CPU.Build.0 = Release|Any CPU
		{6CB937BD-E5A7-4CC7-BA9B-74850AEB8B6E}.Debug|Any CPU.ActiveCfg = Debug|Any CPU
		{6CB937BD-E5A7-4CC7-BA9B-74850AEB8B6E}.Debug|Any CPU.Build.0 = Debug|Any CPU
		{6CB937BD-E5A7-4CC7-BA9B-74850AEB8B6E}.Release|Any CPU.ActiveCfg = Release|Any CPU
		{6CB937BD-E5A7-4CC7-BA9B-74850AEB8B6E}.Release|Any CPU.Build.0 = Release|Any CPU
		{0C5B2921-CD83-4828-80A0-7EFE1CFD62F1}.Debug|Any CPU.ActiveCfg = Debug|Any CPU
		{0C5B2921-CD83-4828-80A0-7EFE1CFD62F1}.Debug|Any CPU.Build.0 = Debug|Any CPU
		{0C5B2921-CD83-4828-80A0-7EFE1CFD62F1}.Release|Any CPU.ActiveCfg = Release|Any CPU
		{0C5B2921-CD83-4828-80A0-7EFE1CFD62F1}.Release|Any CPU.Build.0 = Release|Any CPU
		{75BB0871-4937-478D-A839-01A493543C2E}.Debug|Any CPU.ActiveCfg = Debug|Any CPU
		{75BB0871-4937-478D-A839-01A493543C2E}.Debug|Any CPU.Build.0 = Debug|Any CPU
		{75BB0871-4937-478D-A839-01A493543C2E}.Release|Any CPU.ActiveCfg = Release|Any CPU
		{75BB0871-4937-478D-A839-01A493543C2E}.Release|Any CPU.Build.0 = Release|Any CPU
	EndGlobalSection
	GlobalSection(SolutionProperties) = preSolution
		HideSolutionNode = FALSE
	EndGlobalSection
	GlobalSection(NestedProjects) = preSolution
		{8EF8EBD6-D031-40E6-A2B0-0F078F80B925} = {A76B2D77-FD2F-453D-8152-3E5EF3C4F7AF}
		{72FBFC13-3C61-4679-B6D8-DFAFAE991C18} = {A76B2D77-FD2F-453D-8152-3E5EF3C4F7AF}
		{6CB937BD-E5A7-4CC7-BA9B-74850AEB8B6E} = {31CE3B7F-F429-40DA-8BDF-882D92B4B5C1}
		{0C5B2921-CD83-4828-80A0-7EFE1CFD62F1} = {5649057E-574C-4ECE-870B-AA45F0364212}
		{75BB0871-4937-478D-A839-01A493543C2E} = {5649057E-574C-4ECE-870B-AA45F0364212}
	EndGlobalSection
	GlobalSection(ExtensibilityGlobals) = postSolution
		SolutionGuid = {75E7B5EF-4795-4B00-ADAA-126859FD605B}
	EndGlobalSection
EndGlobal
